
Microsoft Visual Studio Solution File, Format Version 12.00
# Visual Studio 15
VisualStudioVersion = 15.0.27004.2002
MinimumVisualStudioVersion = 10.0.40219.1
Project("{9A19103F-16F7-4668-BE54-9A1E7A4F7556}") = "SwaggerApiCore", "SwaggerApiCore\SwaggerApiCore.csproj", "{8D82E097-211F-48C4-BEE9-69BE9F5F9407}"
EndProject
Project("{FAE04EC0-301F-11D3-BF4B-00C04F79EFBC}") = "SwaggerApiCore2", "SwaggerApiCore2\SwaggerApiCore2.csproj", "{BA686DD9-25AC-43C1-BC0E-3E4FEFD234D2}"
EndProject
Global
	GlobalSection(SolutionConfigurationPlatforms) = preSolution
		Debug|Any CPU = Debug|Any CPU
		Release|Any CPU = Release|Any CPU
	EndGlobalSection
	GlobalSection(ProjectConfigurationPlatforms) = postSolution
		{8D82E097-211F-48C4-BEE9-69BE9F5F9407}.Debug|Any CPU.ActiveCfg = Debug|Any CPU
		{8D82E097-211F-48C4-BEE9-69BE9F5F9407}.Debug|Any CPU.Build.0 = Debug|Any CPU
		{8D82E097-211F-48C4-BEE9-69BE9F5F9407}.Release|Any CPU.ActiveCfg = Release|Any CPU
		{8D82E097-211F-48C4-BEE9-69BE9F5F9407}.Release|Any CPU.Build.0 = Release|Any CPU
		{BA686DD9-25AC-43C1-BC0E-3E4FEFD234D2}.Debug|Any CPU.ActiveCfg = Debug|Any CPU
		{BA686DD9-25AC-43C1-BC0E-3E4FEFD234D2}.Debug|Any CPU.Build.0 = Debug|Any CPU
		{BA686DD9-25AC-43C1-BC0E-3E4FEFD234D2}.Release|Any CPU.ActiveCfg = Release|Any CPU
		{BA686DD9-25AC-43C1-BC0E-3E4FEFD234D2}.Release|Any CPU.Build.0 = Release|Any CPU
	EndGlobalSection
	GlobalSection(SolutionProperties) = preSolution
		HideSolutionNode = FALSE
	EndGlobalSection
	GlobalSection(ExtensibilityGlobals) = postSolution
		SolutionGuid = {785FD750-56AA-4D33-947B-05A3EDFFC8DC}
	EndGlobalSection
EndGlobal
